
Microsoft Visual Studio Solution File, Format Version 12.00
# Visual Studio Version 16
VisualStudioVersion = 16.0.29709.97
MinimumVisualStudioVersion = 10.0.40219.1
Project("{FAE04EC0-301F-11D3-BF4B-00C04F79EFBC}") = "timeCalculatorOwens", "timeCalculatorOwens\timeCalculatorOwens.csproj", "{10CD5CAA-65B0-400C-B249-BE4564B95A53}"
EndProject
Global
	GlobalSection(SolutionConfigurationPlatforms) = preSolution
		Debug|Any CPU = Debug|Any CPU
		Release|Any CPU = Release|Any CPU
	EndGlobalSection
	GlobalSection(ProjectConfigurationPlatforms) = postSolution
		{10CD5CAA-65B0-400C-B249-BE4564B95A53}.Debug|Any CPU.ActiveCfg = Debug|Any CPU
		{10CD5CAA-65B0-400C-B249-BE4564B95A53}.Debug|Any CPU.Build.0 = Debug|Any CPU
		{10CD5CAA-65B0-400C-B249-BE4564B95A53}.Release|Any CPU.ActiveCfg = Release|Any CPU
		{10CD5CAA-65B0-400C-B249-BE4564B95A53}.Release|Any CPU.Build.0 = Release|Any CPU
	EndGlobalSection
	GlobalSection(SolutionProperties) = preSolution
		HideSolutionNode = FALSE
	EndGlobalSection
	GlobalSection(ExtensibilityGlobals) = postSolution
		SolutionGuid = {C8B55350-C4D2-43CE-A317-AF01DC327953}
	EndGlobalSection
EndGlobal
